
Microsoft Visual Studio Solution File, Format Version 12.00
# Visual Studio Version 17
VisualStudioVersion = 17.5.33627.172
MinimumVisualStudioVersion = 10.0.40219.1
Project("{FAE04EC0-301F-11D3-BF4B-00C04F79EFBC}") = "CWork", "CWork\CWork.csproj", "{BCBD91A2-E06C-4284-8D72-33C76A54EB9A}"
EndProject
Global
	GlobalSection(SolutionConfigurationPlatforms) = preSolution
		Debug|Any CPU = Debug|Any CPU
		Release|Any CPU = Release|Any CPU
	EndGlobalSection
	GlobalSection(ProjectConfigurationPlatforms) = postSolution
		{BCBD91A2-E06C-4284-8D72-33C76A54EB9A}.Debug|Any CPU.ActiveCfg = Debug|Any CPU
		{BCBD91A2-E06C-4284-8D72-33C76A54EB9A}.Debug|Any CPU.Build.0 = Debug|Any CPU
		{BCBD91A2-E06C-4284-8D72-33C76A54EB9A}.Release|Any CPU.ActiveCfg = Release|Any CPU
		{BCBD91A2-E06C-4284-8D72-33C76A54EB9A}.Release|Any CPU.Build.0 = Release|Any CPU
	EndGlobalSection
	GlobalSection(SolutionProperties) = preSolution
		HideSolutionNode = FALSE
	EndGlobalSection
	GlobalSection(ExtensibilityGlobals) = postSolution
		SolutionGuid = {F40641FD-F0CC-4281-9397-E11AECA463B2}
	EndGlobalSection
EndGlobal
